{
    "_readme": [
        "This file locks the dependencies of your project to a known state",
        "Read more about it at https://getcomposer.org/doc/01-basic-usage.md#installing-dependencies",
        "This file is @generated automatically"
    ],
    "content-hash": "7e320d9840ae32d8aa7a1b0e9e189f41",
    "packages": [
        {
            "name": "jean-pierre-gassin/ai-context",
            "version": "v0.1.0",
            "source": {
                "type": "git",
                "url": "https://github.com/Jean-PierreGassin/ai-context.git",
                "reference": "a5b5fb285f72c3216ccf87225e3e97238f70841b"
            },
            "dist": {
                "type": "zip",
                "url": "https://api.github.com/repos/Jean-PierreGassin/ai-context/zipball/a5b5fb285f72c3216ccf87225e3e97238f70841b",
                "reference": "a5b5fb285f72c3216ccf87225e3e97238f70841b",
                "shasum": ""
            },
            "require": {
                "php": ">=8.1"
            },
            "type": "library",
            "autoload": {
                "psr-4": {
                    "JeanPierreGassin\\AiContext\\": "bin/"
                }
            },
            "notification-url": "https://packagist.org/downloads/",
            "license": [
                "MIT"
            ],
            "description": "Portable AI agent context, skills, and role guidance for software projects.",
            "support": {
                "issues": "https://github.com/Jean-PierreGassin/ai-context/issues",
                "source": "https://github.com/Jean-PierreGassin/ai-context/tree/v0.1.0"
            },
            "time": "2026-05-23T03:04:50+00:00"
        }
    ],
    "packages-dev": [],
    "aliases": [],
    "minimum-stability": "stable",
    "stability-flags": {},
    "prefer-stable": false,
    "prefer-lowest": false,
    "platform": {},
    "platform-dev": {},
    "plugin-api-version": "2.9.0"
}
